Microsoft Visual Studio Solution File, Format Version 11.00
# Visual Studio 2008

Project("{24D0C200-D2DE-BA3E-C248-709E39EAF6B6}") = "RunningHeroes", "Assembly-CSharp.csproj", "{76471718-80F4-9A6C-FABF-F65DA718483C}"
EndProject
Global
	GlobalSection(SolutionConfigurationPlatforms) = preSolution
		Debug|Any CPU = Debug|Any CPU
		Release|Any CPU = Release|Any CPU
	EndGlobalSection
	GlobalSection(ProjectConfigurationPlatforms) = postSolution
		{76471718-80F4-9A6C-FABF-F65DA718483C}.Debug|Any CPU.ActiveCfg = Debug|Any CPU
		{76471718-80F4-9A6C-FABF-F65DA718483C}.Debug|Any CPU.Build.0 = Debug|Any CPU
		{76471718-80F4-9A6C-FABF-F65DA718483C}.Release|Any CPU.ActiveCfg = Release|Any CPU
		{76471718-80F4-9A6C-FABF-F65DA718483C}.Release|Any CPU.Build.0 = Release|Any CPU
	EndGlobalSection
	GlobalSection(SolutionProperties) = preSolution
		HideSolutionNode = FALSE
	EndGlobalSection
	GlobalSection(MonoDevelopProperties) = preSolution
		StartupItem = Assembly-CSharp.csproj
	EndGlobalSection
EndGlobal
